
Microsoft Visual Studio Solution File, Format Version 12.00
# Visual Studio 14
VisualStudioVersion = 14.0.25420.1
MinimumVisualStudioVersion = 10.0.40219.1
Project("{2150E333-8FDC-42A3-9474-1A3956D46DE8}") = "src", "src", "{20804C46-0E17-464C-A5FD-F447F9DF7DAF}"
EndProject
Project("{2150E333-8FDC-42A3-9474-1A3956D46DE8}") = "Solution Items", "Solution Items", "{A7DB4427-1C55-4158-BCEE-3F9A4C254A5E}"
	ProjectSection(SolutionItems) = preProject
		.editorconfig = .editorconfig
		build.cmd = build.cmd
		build.ps1 = build.ps1
		build.sh = build.sh
		docker-compose.yml = docker-compose.yml
		global.json = global.json
		nuget-push.bat = nuget-push.bat
		nuget-push.ps1 = nuget-push.ps1
		README.md = README.md
	EndProjectSection
EndProject
Project("{8BB2217D-0F2D-49D1-97BC-3654ED321F3B}") = "Host", "src\Host\Host.xproj", "{784B3C88-30FA-415D-B99E-584063064508}"
EndProject
Project("{2150E333-8FDC-42A3-9474-1A3956D46DE8}") = "test", "test", "{BB94CC11-C54F-48C2-8744-88108C0D056B}"
EndProject
Project("{8BB2217D-0F2D-49D1-97BC-3654ED321F3B}") = "RigoFunc.IdentityServer.RedisStore", "src\RigoFunc.IdentityServer.RedisStore\RigoFunc.IdentityServer.RedisStore.xproj", "{7616040A-D75D-42A2-8A56-A09BB59E7947}"
EndProject
Project("{2150E333-8FDC-42A3-9474-1A3956D46DE8}") = "doc", "doc", "{F4FBA14C-7209-47A4-9E78-825C5A7809F7}"
	ProjectSection(SolutionItems) = preProject
		ExternalLogin.md = ExternalLogin.md
		doc\RedisStore.md = doc\RedisStore.md
	EndProjectSection
EndProject
Global
	GlobalSection(SolutionConfigurationPlatforms) = preSolution
		Debug|Any CPU = Debug|Any CPU
		Release|Any CPU = Release|Any CPU
	EndGlobalSection
	GlobalSection(ProjectConfigurationPlatforms) = postSolution
		{784B3C88-30FA-415D-B99E-584063064508}.Debug|Any CPU.ActiveCfg = Debug|Any CPU
		{784B3C88-30FA-415D-B99E-584063064508}.Debug|Any CPU.Build.0 = Debug|Any CPU
		{784B3C88-30FA-415D-B99E-584063064508}.Release|Any CPU.ActiveCfg = Release|Any CPU
		{784B3C88-30FA-415D-B99E-584063064508}.Release|Any CPU.Build.0 = Release|Any CPU
		{7616040A-D75D-42A2-8A56-A09BB59E7947}.Debug|Any CPU.ActiveCfg = Debug|Any CPU
		{7616040A-D75D-42A2-8A56-A09BB59E7947}.Debug|Any CPU.Build.0 = Debug|Any CPU
		{7616040A-D75D-42A2-8A56-A09BB59E7947}.Release|Any CPU.ActiveCfg = Release|Any CPU
		{7616040A-D75D-42A2-8A56-A09BB59E7947}.Release|Any CPU.Build.0 = Release|Any CPU
	EndGlobalSection
	GlobalSection(SolutionProperties) = preSolution
		HideSolutionNode = FALSE
	EndGlobalSection
	GlobalSection(NestedProjects) = preSolution
		{784B3C88-30FA-415D-B99E-584063064508} = {20804C46-0E17-464C-A5FD-F447F9DF7DAF}
		{7616040A-D75D-42A2-8A56-A09BB59E7947} = {20804C46-0E17-464C-A5FD-F447F9DF7DAF}
	EndGlobalSection
EndGlobal
