
Microsoft Visual Studio Solution File, Format Version 12.00
# Visual Studio 14
VisualStudioVersion = 14.0.25123.0
MinimumVisualStudioVersion = 10.0.40219.1
Project("{2150E333-8FDC-42A3-9474-1A3956D46DE8}") = "src", "src", "{20804C46-0E17-464C-A5FD-F447F9DF7DAF}"
EndProject
Project("{2150E333-8FDC-42A3-9474-1A3956D46DE8}") = "Solution Items", "Solution Items", "{A7DB4427-1C55-4158-BCEE-3F9A4C254A5E}"
	ProjectSection(SolutionItems) = preProject
		global.json = global.json
		README.md = README.md
	EndProjectSection
EndProject
Project("{8BB2217D-0F2D-49D1-97BC-3654ED321F3B}") = "RigoFunc.IdentityServer", "src\RigoFunc.IdentityServer\RigoFunc.IdentityServer.xproj", "{59D63571-C4C2-4DAA-AAC6-969F581DC1FA}"
EndProject
Project("{8BB2217D-0F2D-49D1-97BC-3654ED321F3B}") = "Host", "src\Host\Host.xproj", "{784B3C88-30FA-415D-B99E-584063064508}"
EndProject
Project("{8BB2217D-0F2D-49D1-97BC-3654ED321F3B}") = "RigoFunc.Account", "src\RigoFunc.Account\RigoFunc.Account.xproj", "{603226F2-3037-4990-8C9A-B0990B811ECD}"
EndProject
Global
	GlobalSection(SolutionConfigurationPlatforms) = preSolution
		Debug|Any CPU = Debug|Any CPU
		Release|Any CPU = Release|Any CPU
	EndGlobalSection
	GlobalSection(ProjectConfigurationPlatforms) = postSolution
		{59D63571-C4C2-4DAA-AAC6-969F581DC1FA}.Debug|Any CPU.ActiveCfg = Debug|Any CPU
		{59D63571-C4C2-4DAA-AAC6-969F581DC1FA}.Debug|Any CPU.Build.0 = Debug|Any CPU
		{59D63571-C4C2-4DAA-AAC6-969F581DC1FA}.Release|Any CPU.ActiveCfg = Release|Any CPU
		{59D63571-C4C2-4DAA-AAC6-969F581DC1FA}.Release|Any CPU.Build.0 = Release|Any CPU
		{784B3C88-30FA-415D-B99E-584063064508}.Debug|Any CPU.ActiveCfg = Debug|Any CPU
		{784B3C88-30FA-415D-B99E-584063064508}.Debug|Any CPU.Build.0 = Debug|Any CPU
		{784B3C88-30FA-415D-B99E-584063064508}.Release|Any CPU.ActiveCfg = Release|Any CPU
		{784B3C88-30FA-415D-B99E-584063064508}.Release|Any CPU.Build.0 = Release|Any CPU
		{603226F2-3037-4990-8C9A-B0990B811ECD}.Debug|Any CPU.ActiveCfg = Debug|Any CPU
		{603226F2-3037-4990-8C9A-B0990B811ECD}.Debug|Any CPU.Build.0 = Debug|Any CPU
		{603226F2-3037-4990-8C9A-B0990B811ECD}.Release|Any CPU.ActiveCfg = Release|Any CPU
		{603226F2-3037-4990-8C9A-B0990B811ECD}.Release|Any CPU.Build.0 = Release|Any CPU
	EndGlobalSection
	GlobalSection(SolutionProperties) = preSolution
		HideSolutionNode = FALSE
	EndGlobalSection
	GlobalSection(NestedProjects) = preSolution
		{59D63571-C4C2-4DAA-AAC6-969F581DC1FA} = {20804C46-0E17-464C-A5FD-F447F9DF7DAF}
		{784B3C88-30FA-415D-B99E-584063064508} = {20804C46-0E17-464C-A5FD-F447F9DF7DAF}
		{603226F2-3037-4990-8C9A-B0990B811ECD} = {20804C46-0E17-464C-A5FD-F447F9DF7DAF}
	EndGlobalSection
EndGlobal
